
Microsoft Visual Studio Solution File, Format Version 12.00
# Visual Studio Version 17
VisualStudioVersion = 17.7.34221.43
MinimumVisualStudioVersion = 10.0.40219.1
Project("{FAE04EC0-301F-11D3-BF4B-00C04F79EFBC}") = "Classes&Properties", "Classes&Properties\Classes&Properties.csproj", "{F32FE37A-1571-463A-9E6C-B9032A13D517}"
EndProject
Global
	GlobalSection(SolutionConfigurationPlatforms) = preSolution
		Debug|Any CPU = Debug|Any CPU
		Release|Any CPU = Release|Any CPU
	EndGlobalSection
	GlobalSection(ProjectConfigurationPlatforms) = postSolution
		{F32FE37A-1571-463A-9E6C-B9032A13D517}.Debug|Any CPU.ActiveCfg = Debug|Any CPU
		{F32FE37A-1571-463A-9E6C-B9032A13D517}.Debug|Any CPU.Build.0 = Debug|Any CPU
		{F32FE37A-1571-463A-9E6C-B9032A13D517}.Release|Any CPU.ActiveCfg = Release|Any CPU
		{F32FE37A-1571-463A-9E6C-B9032A13D517}.Release|Any CPU.Build.0 = Release|Any CPU
	EndGlobalSection
	GlobalSection(SolutionProperties) = preSolution
		HideSolutionNode = FALSE
	EndGlobalSection
	GlobalSection(ExtensibilityGlobals) = postSolution
		SolutionGuid = {468C432A-7F6D-48E7-A3F4-24B801F64C51}
	EndGlobalSection
EndGlobal
